
Microsoft Visual Studio Solution File, Format Version 12.00
# Visual Studio Version 17
VisualStudioVersion = 17.9.34902.65
MinimumVisualStudioVersion = 10.0.40219.1
Project("{FAE04EC0-301F-11D3-BF4B-00C04F79EFBC}") = "Ejercicio_ArreglosNumericos", "Ejercicio_ArreglosNumericos\Ejercicio_ArreglosNumericos.csproj", "{2E849CC6-0960-4C23-8A29-E74E85D2CDD6}"
EndProject
Global
	GlobalSection(SolutionConfigurationPlatforms) = preSolution
		Debug|Any CPU = Debug|Any CPU
		Release|Any CPU = Release|Any CPU
	EndGlobalSection
	GlobalSection(ProjectConfigurationPlatforms) = postSolution
		{2E849CC6-0960-4C23-8A29-E74E85D2CDD6}.Debug|Any CPU.ActiveCfg = Debug|Any CPU
		{2E849CC6-0960-4C23-8A29-E74E85D2CDD6}.Debug|Any CPU.Build.0 = Debug|Any CPU
		{2E849CC6-0960-4C23-8A29-E74E85D2CDD6}.Release|Any CPU.ActiveCfg = Release|Any CPU
		{2E849CC6-0960-4C23-8A29-E74E85D2CDD6}.Release|Any CPU.Build.0 = Release|Any CPU
	EndGlobalSection
	GlobalSection(SolutionProperties) = preSolution
		HideSolutionNode = FALSE
	EndGlobalSection
	GlobalSection(ExtensibilityGlobals) = postSolution
		SolutionGuid = {083E8965-4536-4550-8C22-656420D80587}
	EndGlobalSection
EndGlobal
